
Microsoft Visual Studio Solution File, Format Version 12.00
# Visual Studio Version 17
VisualStudioVersion = 17.6.33829.357
MinimumVisualStudioVersion = 10.0.40219.1
Project("{F184B08F-C81C-45F6-A57F-5ABD9991F28F}") = "18_ELECTRICITY_BILL", "18_ELECTRICITY_BILL.vbproj", "{D95628E9-3B7E-412E-A201-3788E3020C7D}"
EndProject
Global
	GlobalSection(SolutionConfigurationPlatforms) = preSolution
		Debug|Any CPU = Debug|Any CPU
		Release|Any CPU = Release|Any CPU
	EndGlobalSection
	GlobalSection(ProjectConfigurationPlatforms) = postSolution
		{D95628E9-3B7E-412E-A201-3788E3020C7D}.Debug|Any CPU.ActiveCfg = Debug|Any CPU
		{D95628E9-3B7E-412E-A201-3788E3020C7D}.Debug|Any CPU.Build.0 = Debug|Any CPU
		{D95628E9-3B7E-412E-A201-3788E3020C7D}.Release|Any CPU.ActiveCfg = Release|Any CPU
		{D95628E9-3B7E-412E-A201-3788E3020C7D}.Release|Any CPU.Build.0 = Release|Any CPU
	EndGlobalSection
	GlobalSection(SolutionProperties) = preSolution
		HideSolutionNode = FALSE
	EndGlobalSection
	GlobalSection(ExtensibilityGlobals) = postSolution
		SolutionGuid = {2F1F1D26-A937-4867-95E3-CD7DFE04F5D5}
	EndGlobalSection
EndGlobal
