
Microsoft Visual Studio Solution File, Format Version 12.00
# Visual Studio Version 17
VisualStudioVersion = 17.6.33829.357
MinimumVisualStudioVersion = 10.0.40219.1
Project("{F184B08F-C81C-45F6-A57F-5ABD9991F28F}") = "20_LoginPage", "20_LoginPage.vbproj", "{B9181E9F-0E07-42BE-BDBD-7BF679703D3D}"
EndProject
Global
	GlobalSection(SolutionConfigurationPlatforms) = preSolution
		Debug|Any CPU = Debug|Any CPU
		Release|Any CPU = Release|Any CPU
	EndGlobalSection
	GlobalSection(ProjectConfigurationPlatforms) = postSolution
		{B9181E9F-0E07-42BE-BDBD-7BF679703D3D}.Debug|Any CPU.ActiveCfg = Debug|Any CPU
		{B9181E9F-0E07-42BE-BDBD-7BF679703D3D}.Debug|Any CPU.Build.0 = Debug|Any CPU
		{B9181E9F-0E07-42BE-BDBD-7BF679703D3D}.Release|Any CPU.ActiveCfg = Release|Any CPU
		{B9181E9F-0E07-42BE-BDBD-7BF679703D3D}.Release|Any CPU.Build.0 = Release|Any CPU
	EndGlobalSection
	GlobalSection(SolutionProperties) = preSolution
		HideSolutionNode = FALSE
	EndGlobalSection
	GlobalSection(ExtensibilityGlobals) = postSolution
		SolutionGuid = {344F67A1-535F-45BD-B130-BED3FA4BBFB6}
	EndGlobalSection
EndGlobal
